{
  "version": 4,
  "terraform_version": "1.3.9",
  "serial": 4,
  "lineage": "9c221d29-dcef-7490-7dfb-6e2e094597b2",
  "outputs": {},
  "resources": [
    {
      "mode": "data",
      "type": "cloudflare_zones",
      "name": "domain",
      "provider": "provider[\"registry.terraform.io/cloudflare/cloudflare\"]",
      "instances": [
        {
          "schema_version": 0,
          "attributes": {
            "filter": [
              {
                "account_id": "",
                "lookup_type": "exact",
                "match": "",
                "name": "lildrunkensmurf.com",
                "paused": false,
                "status": ""
              }
            ],
            "id": "628dc1e413324d08fd218d8d1694a23c",
            "zones": [
              {
                "id": "fc5789ccdb3a627762a7d9475a107325",
                "name": "lildrunkensmurf.com"
              }
            ]
          },
          "sensitive_attributes": [
            [
              {
                "type": "get_attr",
                "value": "filter"
              },
              {
                "type": "index",
                "value": {
                  "value": 0,
                  "type": "number"
                }
              },
              {
                "type": "get_attr",
                "value": "name"
              }
            ]
          ]
        }
      ]
    },
    {
      "mode": "data",
      "type": "http",
      "name": "ipv4",
      "provider": "provider[\"registry.terraform.io/hashicorp/http\"]",
      "instances": [
        {
          "schema_version": 0,
          "attributes": {
            "body": "174.0.241.39\n",
            "ca_cert_pem": null,
            "id": "http://ipv4.icanhazip.com",
            "insecure": null,
            "method": null,
            "request_body": null,
            "request_headers": null,
            "response_body": "174.0.241.39\n",
            "response_headers": {
              "Access-Control-Allow-Methods": "GET",
              "Access-Control-Allow-Origin": "*",
              "Alt-Svc": "h3=\":443\"; ma=86400, h3-29=\":443\"; ma=86400",
              "Cf-Ray": "7a1e84a62ab0ec23-SEA",
              "Connection": "keep-alive",
              "Content-Length": "13",
              "Content-Type": "text/plain",
              "Date": "Fri, 03 Mar 2023 02:41:02 GMT",
              "Server": "cloudflare",
              "Set-Cookie": "__cf_bm=29JlwP.xCALBDWbwZLlXMz.ycDfalwH96VHxOsIfMFU-1677811262-0-AYsErxEklJ3oP9CKEeG+K0Y8MXce1svcbxQitBzVMGghTTvEsDlXJJcXhYGb52M7JsOSfCo5ISPd0hkgFo/LUHc=; path=/; expires=Fri, 03-Mar-23 03:11:02 GMT; domain=.icanhazip.com; HttpOnly; SameSite=None",
              "Vary": "Accept-Encoding"
            },
            "status_code": 200,
            "url": "http://ipv4.icanhazip.com"
          },
          "sensitive_attributes": []
        }
      ]
    },
    {
      "mode": "data",
      "type": "sops_file",
      "name": "cloudflare_secrets",
      "provider": "provider[\"registry.terraform.io/carlpett/sops\"]",
      "instances": [
        {
          "schema_version": 0,
          "attributes": {
            "data": {
              "cloudflare_apikey": "5d92f9745432fecebb61577e61872d0d41766",
              "cloudflare_domain": "lildrunkensmurf.com",
              "cloudflare_email": "jory.irving@outlook.com"
            },
            "id": "-",
            "input_type": null,
            "raw": "cloudflare_email: jory.irving@outlook.com\ncloudflare_apikey: 5d92f9745432fecebb61577e61872d0d41766\ncloudflare_domain: lildrunkensmurf.com\n",
            "source_file": "secret.sops.yaml"
          },
          "sensitive_attributes": []
        }
      ]
    },
    {
      "mode": "managed",
      "type": "cloudflare_record",
      "name": "ipv4",
      "provider": "provider[\"registry.terraform.io/cloudflare/cloudflare\"]",
      "instances": [
        {
          "schema_version": 2,
          "attributes": {
            "allow_overwrite": false,
            "comment": "",
            "created_on": "2023-03-03T02:41:05.370722Z",
            "data": [],
            "hostname": "ipv4.lildrunkensmurf.com",
            "id": "fb571d42cfed5a077e83ea39d5a436db",
            "metadata": {
              "auto_added": "false",
              "managed_by_apps": "false",
              "managed_by_argo_tunnel": "false",
              "source": "primary"
            },
            "modified_on": "2023-03-03T02:41:05.370722Z",
            "name": "ipv4",
            "priority": null,
            "proxiable": true,
            "proxied": true,
            "tags": null,
            "timeouts": null,
            "ttl": 1,
            "type": "A",
            "value": "174.0.241.39",
            "zone_id": "fc5789ccdb3a627762a7d9475a107325"
          },
          "sensitive_attributes": [],
          "private": "eyJlMmJmYjczMC1lY2FhLTExZTYtOGY4OC0zNDM2M2JjN2M0YzAiOnsiY3JlYXRlIjozMDAwMDAwMDAwMCwidXBkYXRlIjozMDAwMDAwMDAwMH0sInNjaGVtYV92ZXJzaW9uIjoiMiJ9",
          "dependencies": [
            "data.cloudflare_zones.domain",
            "data.http.ipv4",
            "data.sops_file.cloudflare_secrets"
          ]
        }
      ]
    },
    {
      "mode": "managed",
      "type": "cloudflare_record",
      "name": "root",
      "provider": "provider[\"registry.terraform.io/cloudflare/cloudflare\"]",
      "instances": [
        {
          "schema_version": 2,
          "attributes": {
            "allow_overwrite": false,
            "comment": "",
            "created_on": "2023-03-03T02:41:05.228842Z",
            "data": [],
            "hostname": "lildrunkensmurf.com",
            "id": "0df9ad7ea8c29bc8997766c88ace3270",
            "metadata": {
              "auto_added": "false",
              "managed_by_apps": "false",
              "managed_by_argo_tunnel": "false",
              "source": "primary"
            },
            "modified_on": "2023-03-03T02:41:05.228842Z",
            "name": "lildrunkensmurf.com",
            "priority": null,
            "proxiable": true,
            "proxied": true,
            "tags": null,
            "timeouts": null,
            "ttl": 1,
            "type": "CNAME",
            "value": "ipv4.lildrunkensmurf.com",
            "zone_id": "fc5789ccdb3a627762a7d9475a107325"
          },
          "sensitive_attributes": [
            [
              {
                "type": "get_attr",
                "value": "name"
              }
            ],
            [
              {
                "type": "get_attr",
                "value": "value"
              }
            ]
          ],
          "private": "eyJlMmJmYjczMC1lY2FhLTExZTYtOGY4OC0zNDM2M2JjN2M0YzAiOnsiY3JlYXRlIjozMDAwMDAwMDAwMCwidXBkYXRlIjozMDAwMDAwMDAwMH0sInNjaGVtYV92ZXJzaW9uIjoiMiJ9",
          "dependencies": [
            "data.cloudflare_zones.domain",
            "data.sops_file.cloudflare_secrets"
          ]
        }
      ]
    },
    {
      "mode": "managed",
      "type": "cloudflare_zone_settings_override",
      "name": "cloudflare_settings",
      "provider": "provider[\"registry.terraform.io/cloudflare/cloudflare\"]",
      "instances": [
        {
          "schema_version": 0,
          "attributes": {
            "id": "fc5789ccdb3a627762a7d9475a107325",
            "initial_settings": [
              {
                "always_online": "off",
                "always_use_https": "off",
                "automatic_https_rewrites": "on",
                "binary_ast": "off",
                "brotli": "on",
                "browser_cache_ttl": 14400,
                "browser_check": "on",
                "cache_level": "aggressive",
                "challenge_ttl": 1800,
                "ciphers": [],
                "cname_flattening": "flatten_at_root",
                "development_mode": "off",
                "early_hints": "off",
                "email_obfuscation": "on",
                "filter_logs_to_cloudflare": "off",
                "h2_prioritization": "off",
                "hotlink_protection": "off",
                "http2": "on",
                "http3": "on",
                "image_resizing": "off",
                "ip_geolocation": "on",
                "ipv6": "on",
                "log_to_cloudflare": "on",
                "max_upload": 100,
                "min_tls_version": "1.0",
                "minify": [
                  {
                    "css": "off",
                    "html": "off",
                    "js": "off"
                  }
                ],
                "mirage": "off",
                "mobile_redirect": [
                  {
                    "mobile_subdomain": "",
                    "status": "off",
                    "strip_uri": false
                  }
                ],
                "opportunistic_encryption": "on",
                "opportunistic_onion": "on",
                "orange_to_orange": "off",
                "origin_error_page_pass_thru": "off",
                "origin_max_http_version": "2",
                "polish": "off",
                "prefetch_preload": "off",
                "privacy_pass": "on",
                "proxy_read_timeout": "100",
                "pseudo_ipv4": "off",
                "response_buffering": "off",
                "rocket_loader": "off",
                "security_header": [
                  {
                    "enabled": false,
                    "include_subdomains": false,
                    "max_age": 0,
                    "nosniff": false,
                    "preload": false
                  }
                ],
                "security_level": "medium",
                "server_side_exclude": "on",
                "sort_query_string_for_cache": "off",
                "ssl": "flexible",
                "tls_1_2_only": "off",
                "tls_1_3": "on",
                "tls_client_auth": "off",
                "true_client_ip_header": "off",
                "universal_ssl": "on",
                "visitor_ip": "on",
                "waf": "off",
                "webp": "off",
                "websockets": "on",
                "zero_rtt": "off"
              }
            ],
            "initial_settings_read_at": "2023-03-03T02:41:07.624962437Z",
            "readonly_settings": [
              "advanced_ddos",
              "http2",
              "long_lived_grpc",
              "mirage",
              "origin_error_page_pass_thru",
              "polish",
              "prefetch_preload",
              "proxy_read_timeout",
              "response_buffering",
              "sort_query_string_for_cache",
              "true_client_ip_header",
              "webp",
              "image_resizing"
            ],
            "settings": [
              {
                "always_online": "off",
                "always_use_https": "on",
                "automatic_https_rewrites": "on",
                "binary_ast": "",
                "brotli": "on",
                "browser_cache_ttl": 0,
                "browser_check": "on",
                "cache_level": "",
                "challenge_ttl": 1800,
                "ciphers": [],
                "cname_flattening": "",
                "development_mode": "off",
                "early_hints": "",
                "email_obfuscation": "on",
                "filter_logs_to_cloudflare": "",
                "h2_prioritization": "",
                "hotlink_protection": "off",
                "http2": "",
                "http3": "on",
                "image_resizing": "",
                "ip_geolocation": "on",
                "ipv6": "on",
                "log_to_cloudflare": "",
                "max_upload": 0,
                "min_tls_version": "1.2",
                "minify": [
                  {
                    "css": "on",
                    "html": "on",
                    "js": "on"
                  }
                ],
                "mirage": "",
                "mobile_redirect": [],
                "opportunistic_encryption": "on",
                "opportunistic_onion": "on",
                "orange_to_orange": "",
                "origin_error_page_pass_thru": "",
                "origin_max_http_version": "",
                "polish": "",
                "prefetch_preload": "",
                "privacy_pass": "on",
                "proxy_read_timeout": "",
                "pseudo_ipv4": "off",
                "response_buffering": "",
                "rocket_loader": "on",
                "security_header": [
                  {
                    "enabled": false,
                    "include_subdomains": false,
                    "max_age": 0,
                    "nosniff": false,
                    "preload": false
                  }
                ],
                "security_level": "medium",
                "server_side_exclude": "on",
                "sort_query_string_for_cache": "",
                "ssl": "strict",
                "tls_1_2_only": "",
                "tls_1_3": "zrt",
                "tls_client_auth": "",
                "true_client_ip_header": "",
                "universal_ssl": "on",
                "visitor_ip": "",
                "waf": "",
                "webp": "",
                "websockets": "on",
                "zero_rtt": "on"
              }
            ],
            "zone_id": "fc5789ccdb3a627762a7d9475a107325",
            "zone_status": "active",
            "zone_type": "full"
          },
          "sensitive_attributes": [],
          "private": "bnVsbA==",
          "dependencies": [
            "data.cloudflare_zones.domain",
            "data.sops_file.cloudflare_secrets"
          ]
        }
      ]
    }
  ],
  "check_results": null
}
